// !$*UTF8*$!
{
	archiveVersion = 1;
	classes = {
	};
	objectVersion = 46;
	objects = {

/* Begin PBXBuildFile section */
		BE02CBF01BFE54FF0091A8CF /* main.m in Sources */ = {isa = PBXBuildFile; fileRef = BE02CBEF1BFE54FF0091A8CF /* main.m */; };
		BE02CBF31BFE54FF0091A8CF /* AppDelegate.m in Sources */ = {isa = PBXBuildFile; fileRef = BE02CBF21BFE54FF0091A8CF /* AppDelegate.m */; };
		BE02CBF61BFE54FF0091A8CF /* ViewController.m in Sources */ = {isa = PBXBuildFile; fileRef = BE02CBF51BFE54FF0091A8CF /* ViewController.m */; };
		BE02CBF91BFE54FF0091A8CF /* Main.storyboard in Resources */ = {isa = PBXBuildFile; fileRef = BE02CBF71BFE54FF0091A8CF /* Main.storyboard */; };
		BE02CBFB1BFE54FF0091A8CF /* Assets.xcassets in Resources */ = {isa = PBXBuildFile; fileRef = BE02CBFA1BFE54FF0091A8CF /* Assets.xcassets */; };
		BE02CBFE1BFE54FF0091A8CF /* LaunchScreen.storyboard in Resources */ = {isa = PBXBuildFile; fileRef = BE02CBFC1BFE54FF0091A8CF /* LaunchScreen.storyboard */; };
		BE02CC0C1BFE55FC0091A8CF /* NotificationCenter.framework in Frameworks */ = {isa = PBXBuildFile; fileRef = BE02CC0B1BFE55FC0091A8CF /* NotificationCenter.framework */; };
		BE02CC101BFE55FC0091A8CF /* TodayViewController.m in Sources */ = {isa = PBXBuildFile; fileRef = BE02CC0F1BFE55FC0091A8CF /* TodayViewController.m */; };
		BE02CC131BFE55FC0091A8CF /* MainInterface.storyboard in Resources */ = {isa = PBXBuildFile; fileRef = BE02CC111BFE55FC0091A8CF /* MainInterface.storyboard */; };
		BE02CC171BFE55FC0091A8CF /* HTTP Widget.appex in Embed App Extensions */ = {isa = PBXBuildFile; fileRef = BE02CC091BFE55FC0091A8CF /* HTTP Widget.appex */; settings = {ATTRIBUTES = (RemoveHeadersOnCopy, ); }; };
/* End PBXBuildFile section */

/* Begin PBXContainerItemProxy section */
		BE02CC151BFE55FC0091A8CF /* PBXContainerItemProxy */ = {
			isa = PBXContainerItemProxy;
			containerPortal = BE02CBE31BFE54FF0091A8CF /* Project object */;
			proxyType = 1;
			remoteGlobalIDString = BE02CC081BFE55FC0091A8CF;
			remoteInfo = "HTTP Widget";
		};
/* End PBXContainerItemProxy section */

/* Begin PBXCopyFilesBuildPhase section */
		BE02CC1B1BFE55FC0091A8CF /* Embed App Extensions */ = {
			isa = PBXCopyFilesBuildPhase;
			buildActionMask = 2147483647;
			dstPath = "";
			dstSubfolderSpec = 13;
			files = (
				BE02CC171BFE55FC0091A8CF /* HTTP Widget.appex in Embed App Extensions */,
			);
			name = "Embed App Extensions";
			runOnlyForDeploymentPostprocessing = 0;
		};
/* End PBXCopyFilesBuildPhase section */

/* Begin PBXFileReference section */
		BE02CBEB1BFE54FF0091A8CF /* HTTPTodayWidget.app */ = {isa = PBXFileReference; explicitFileType = wrapper.application; includeInIndex = 0; path = HTTPTodayWidget.app; sourceTree = BUILT_PRODUCTS_DIR; };
		BE02CBEF1BFE54FF0091A8CF /* main.m */ = {isa = PBXFileReference; lastKnownFileType = sourcecode.c.objc; path = main.m; sourceTree = "<group>"; };
		BE02CBF11BFE54FF0091A8CF /* AppDelegate.h */ = {isa = PBXFileReference; lastKnownFileType = sourcecode.c.h; path = AppDelegate.h; sourceTree = "<group>"; };
		BE02CBF21BFE54FF0091A8CF /* AppDelegate.m */ = {isa = PBXFileReference; lastKnownFileType = sourcecode.c.objc; path = AppDelegate.m; sourceTree = "<group>"; };
		BE02CBF41BFE54FF0091A8CF /* ViewController.h */ = {isa = PBXFileReference; lastKnownFileType = sourcecode.c.h; path = ViewController.h; sourceTree = "<group>"; };
		BE02CBF51BFE54FF0091A8CF /* ViewController.m */ = {isa = PBXFileReference; lastKnownFileType = sourcecode.c.objc; path = ViewController.m; sourceTree = "<group>"; };
		BE02CBF81BFE54FF0091A8CF /* Base */ = {isa = PBXFileReference; lastKnownFileType = file.storyboard; name = Base; path = Base.lproj/Main.storyboard; sourceTree = "<group>"; };
		BE02CBFA1BFE54FF0091A8CF /* Assets.xcassets */ = {isa = PBXFileReference; lastKnownFileType = folder.assetcatalog; path = Assets.xcassets; sourceTree = "<group>"; };
		BE02CBFD1BFE54FF0091A8CF /* Base */ = {isa = PBXFileReference; lastKnownFileType = file.storyboard; name = Base; path = Base.lproj/LaunchScreen.storyboard; sourceTree = "<group>"; };
		BE02CBFF1BFE54FF0091A8CF /* Info.plist */ = {isa = PBXFileReference; lastKnownFileType = text.plist.xml; path = Info.plist; sourceTree = "<group>"; };
		BE02CC091BFE55FC0091A8CF /* HTTP Widget.appex */ = {isa = PBXFileReference; explicitFileType = "wrapper.app-extension"; includeInIndex = 0; path = "HTTP Widget.appex"; sourceTree = BUILT_PRODUCTS_DIR; };
		BE02CC0B1BFE55FC0091A8CF /* NotificationCenter.framework */ = {isa = PBXFileReference; lastKnownFileType = wrapper.framework; name = NotificationCenter.framework; path = System/Library/Frameworks/NotificationCenter.framework; sourceTree = SDKROOT; };
		BE02CC0E1BFE55FC0091A8CF /* TodayViewController.h */ = {isa = PBXFileReference; lastKnownFileType = sourcecode.c.h; path = TodayViewController.h; sourceTree = "<group>"; };
		BE02CC0F1BFE55FC0091A8CF /* TodayViewController.m */ = {isa = PBXFileReference; lastKnownFileType = sourcecode.c.objc; path = TodayViewController.m; sourceTree = "<group>"; };
		BE02CC121BFE55FC0091A8CF /* Base */ = {isa = PBXFileReference; lastKnownFileType = file.storyboard; name = Base; path = Base.lproj/MainInterface.storyboard; sourceTree = "<group>"; };
		BE02CC141BFE55FC0091A8CF /* Info.plist */ = {isa = PBXFileReference; lastKnownFileType = text.plist.xml; path = Info.plist; sourceTree = "<group>"; };
		BE02CC1E1C16363C0091A8CF /* HTTPTodayWidget.entitlements */ = {isa = PBXFileReference; lastKnownFileType = text.xml; path = HTTPTodayWidget.entitlements; sourceTree = "<group>"; };
		BE02CC1F1C1636720091A8CF /* HTTP Widget.entitlements */ = {isa = PBXFileReference; lastKnownFileType = text.xml; path = "HTTP Widget.entitlements"; sourceTree = "<group>"; };
/* End PBXFileReference section */

/* Begin PBXFrameworksBuildPhase section */
		BE02CBE81BFE54FF0091A8CF /* Frameworks */ = {
			isa = PBXFrameworksBuildPhase;
			buildActionMask = 2147483647;
			files = (
			);
			runOnlyForDeploymentPostprocessing = 0;
		};
		BE02CC061BFE55FC0091A8CF /* Frameworks */ = {
			isa = PBXFrameworksBuildPhase;
			buildActionMask = 2147483647;
			files = (
				BE02CC0C1BFE55FC0091A8CF /* NotificationCenter.framework in Frameworks */,
			);
			runOnlyForDeploymentPostprocessing = 0;
		};
/* End PBXFrameworksBuildPhase section */

/* Begin PBXGroup section */
		BE02CBE21BFE54FF0091A8CF = {
			isa = PBXGroup;
			children = (
				BE02CBED1BFE54FF0091A8CF /* HTTPTodayWidget */,
				BE02CC0D1BFE55FC0091A8CF /* HTTP Widget */,
				BE02CC0A1BFE55FC0091A8CF /* Frameworks */,
				BE02CBEC1BFE54FF0091A8CF /* Products */,
			);
			sourceTree = "<group>";
		};
		BE02CBEC1BFE54FF0091A8CF /* Products */ = {
			isa = PBXGroup;
			children = (
				BE02CBEB1BFE54FF0091A8CF /* HTTPTodayWidget.app */,
				BE02CC091BFE55FC0091A8CF /* HTTP Widget.appex */,
			);
			name = Products;
			sourceTree = "<group>";
		};
		BE02CBED1BFE54FF0091A8CF /* HTTPTodayWidget */ = {
			isa = PBXGroup;
			children = (
				BE02CC1E1C16363C0091A8CF /* HTTPTodayWidget.entitlements */,
				BE02CBF11BFE54FF0091A8CF /* AppDelegate.h */,
				BE02CBF21BFE54FF0091A8CF /* AppDelegate.m */,
				BE02CBF41BFE54FF0091A8CF /* ViewController.h */,
				BE02CBF51BFE54FF0091A8CF /* ViewController.m */,
				BE02CBF71BFE54FF0091A8CF /* Main.storyboard */,
				BE02CBFA1BFE54FF0091A8CF /* Assets.xcassets */,
				BE02CBFC1BFE54FF0091A8CF /* LaunchScreen.storyboard */,
				BE02CBFF1BFE54FF0091A8CF /* Info.plist */,
				BE02CBEE1BFE54FF0091A8CF /* Supporting Files */,
			);
			path = HTTPTodayWidget;
			sourceTree = "<group>";
		};
		BE02CBEE1BFE54FF0091A8CF /* Supporting Files */ = {
			isa = PBXGroup;
			children = (
				BE02CBEF1BFE54FF0091A8CF /* main.m */,
			);
			name = "Supporting Files";
			sourceTree = "<group>";
		};
		BE02CC0A1BFE55FC0091A8CF /* Frameworks */ = {
			isa = PBXGroup;
			children = (
				BE02CC0B1BFE55FC0091A8CF /* NotificationCenter.framework */,
			);
			name = Frameworks;
			sourceTree = "<group>";
		};
		BE02CC0D1BFE55FC0091A8CF /* HTTP Widget */ = {
			isa = PBXGroup;
			children = (
				BE02CC1F1C1636720091A8CF /* HTTP Widget.entitlements */,
				BE02CC0E1BFE55FC0091A8CF /* TodayViewController.h */,
				BE02CC0F1BFE55FC0091A8CF /* TodayViewController.m */,
				BE02CC111BFE55FC0091A8CF /* MainInterface.storyboard */,
				BE02CC141BFE55FC0091A8CF /* Info.plist */,
			);
			path = "HTTP Widget";
			sourceTree = "<group>";
		};
/* End PBXGroup section */

/* Begin PBXNativeTarget section */
		BE02CBEA1BFE54FF0091A8CF /* HTTPTodayWidget */ = {
			isa = PBXNativeTarget;
			buildConfigurationList = BE02CC021BFE54FF0091A8CF /* Build configuration list for PBXNativeTarget "HTTPTodayWidget" */;
			buildPhases = (
				BE02CBE71BFE54FF0091A8CF /* Sources */,
				BE02CBE81BFE54FF0091A8CF /* Frameworks */,
				BE02CBE91BFE54FF0091A8CF /* Resources */,
				BE02CC1B1BFE55FC0091A8CF /* Embed App Extensions */,
			);
			buildRules = (
			);
			dependencies = (
				BE02CC161BFE55FC0091A8CF /* PBXTargetDependency */,
			);
			name = HTTPTodayWidget;
			productName = HTTPTodayWidget;
			productReference = BE02CBEB1BFE54FF0091A8CF /* HTTPTodayWidget.app */;
			productType = "com.apple.product-type.application";
		};
		BE02CC081BFE55FC0091A8CF /* HTTP Widget */ = {
			isa = PBXNativeTarget;
			buildConfigurationList = BE02CC181BFE55FC0091A8CF /* Build configuration list for PBXNativeTarget "HTTP Widget" */;
			buildPhases = (
				BE02CC051BFE55FC0091A8CF /* Sources */,
				BE02CC061BFE55FC0091A8CF /* Frameworks */,
				BE02CC071BFE55FC0091A8CF /* Resources */,
			);
			buildRules = (
			);
			dependencies = (
			);
			name = "HTTP Widget";
			productName = "HTTP Widget";
			productReference = BE02CC091BFE55FC0091A8CF /* HTTP Widget.appex */;
			productType = "com.apple.product-type.app-extension";
		};
/* End PBXNativeTarget section */

/* Begin PBXProject section */
		BE02CBE31BFE54FF0091A8CF /* Project object */ = {
			isa = PBXProject;
			attributes = {
				LastUpgradeCheck = 0710;
				ORGANIZATIONNAME = n2305;
				TargetAttributes = {
					BE02CBEA1BFE54FF0091A8CF = {
						CreatedOnToolsVersion = 7.1.1;
						DevelopmentTeam = A3Q52D3C5M;
						SystemCapabilities = {
							com.apple.ApplicationGroups.iOS = {
								enabled = 1;
							};
						};
					};
					BE02CC081BFE55FC0091A8CF = {
						CreatedOnToolsVersion = 7.1.1;
						DevelopmentTeam = A3Q52D3C5M;
						SystemCapabilities = {
							com.apple.ApplicationGroups.iOS = {
								enabled = 1;
							};
						};
					};
				};
			};
			buildConfigurationList = BE02CBE61BFE54FF0091A8CF /* Build configuration list for PBXProject "HTTPTodayWidget" */;
			compatibilityVersion = "Xcode 3.2";
			developmentRegion = English;
			hasScannedForEncodings = 0;
			knownRegions = (
				en,
				Base,
			);
			mainGroup = BE02CBE21BFE54FF0091A8CF;
			productRefGroup = BE02CBEC1BFE54FF0091A8CF /* Products */;
			projectDirPath = "";
			projectRoot = "";
			targets = (
				BE02CBEA1BFE54FF0091A8CF /* HTTPTodayWidget */,
				BE02CC081BFE55FC0091A8CF /* HTTP Widget */,
			);
		};
/* End PBXProject section */

/* Begin PBXResourcesBuildPhase section */
		BE02CBE91BFE54FF0091A8CF /* Resources */ = {
			isa = PBXResourcesBuildPhase;
			buildActionMask = 2147483647;
			files = (
				BE02CBFE1BFE54FF0091A8CF /* LaunchScreen.storyboard in Resources */,
				BE02CBFB1BFE54FF0091A8CF /* Assets.xcassets in Resources */,
				BE02CBF91BFE54FF0091A8CF /* Main.storyboard in Resources */,
			);
			runOnlyForDeploymentPostprocessing = 0;
		};
		BE02CC071BFE55FC0091A8CF /* Resources */ = {
			isa = PBXResourcesBuildPhase;
			buildActionMask = 2147483647;
			files = (
				BE02CC131BFE55FC0091A8CF /* MainInterface.storyboard in Resources */,
			);
			runOnlyForDeploymentPostprocessing = 0;
		};
/* End PBXResourcesBuildPhase section */

/* Begin PBXSourcesBuildPhase section */
		BE02CBE71BFE54FF0091A8CF /* Sources */ = {
			isa = PBXSourcesBuildPhase;
			buildActionMask = 2147483647;
			files = (
				BE02CBF61BFE54FF0091A8CF /* ViewController.m in Sources */,
				BE02CBF31BFE54FF0091A8CF /* AppDelegate.m in Sources */,
				BE02CBF01BFE54FF0091A8CF /* main.m in Sources */,
			);
			runOnlyForDeploymentPostprocessing = 0;
		};
		BE02CC051BFE55FC0091A8CF /* Sources */ = {
			isa = PBXSourcesBuildPhase;
			buildActionMask = 2147483647;
			files = (
				BE02CC101BFE55FC0091A8CF /* TodayViewController.m in Sources */,
			);
			runOnlyForDeploymentPostprocessing = 0;
		};
/* End PBXSourcesBuildPhase section */

/* Begin PBXTargetDependency section */
		BE02CC161BFE55FC0091A8CF /* PBXTargetDependency */ = {
			isa = PBXTargetDependency;
			target = BE02CC081BFE55FC0091A8CF /* HTTP Widget */;
			targetProxy = BE02CC151BFE55FC0091A8CF /* PBXContainerItemProxy */;
		};
/* End PBXTargetDependency section */

/* Begin PBXVariantGroup section */
		BE02CBF71BFE54FF0091A8CF /* Main.storyboard */ = {
			isa = PBXVariantGroup;
			children = (
				BE02CBF81BFE54FF0091A8CF /* Base */,
			);
			name = Main.storyboard;
			sourceTree = "<group>";
		};
		BE02CBFC1BFE54FF0091A8CF /* LaunchScreen.storyboard */ = {
			isa = PBXVariantGroup;
			children = (
				BE02CBFD1BFE54FF0091A8CF /* Base */,
			);
			name = LaunchScreen.storyboard;
			sourceTree = "<group>";
		};
		BE02CC111BFE55FC0091A8CF /* MainInterface.storyboard */ = {
			isa = PBXVariantGroup;
			children = (
				BE02CC121BFE55FC0091A8CF /* Base */,
			);
			name = MainInterface.storyboard;
			sourceTree = "<group>";
		};
/* End PBXVariantGroup section */

/* Begin XCBuildConfiguration section */
		BE02CC001BFE54FF0091A8CF /* Debug */ = {
			isa = XCBuildConfiguration;
			buildSettings = {
				ALWAYS_SEARCH_USER_PATHS = NO;
				CLANG_CXX_LANGUAGE_STANDARD = "gnu++0x";
				CLANG_CXX_LIBRARY = "libc++";
				CLANG_ENABLE_MODULES = YES;
				CLANG_ENABLE_OBJC_ARC = YES;
				CLANG_WARN_BOOL_CONVERSION = YES;
				CLANG_WARN_CONSTANT_CONVERSION = YES;
				CLANG_WARN_DIRECT_OBJC_ISA_USAGE = YES_ERROR;
				CLANG_WARN_EMPTY_BODY = YES;
				CLANG_WARN_ENUM_CONVERSION = YES;
				CLANG_WARN_INT_CONVERSION = YES;
				CLANG_WARN_OBJC_ROOT_CLASS = YES_ERROR;
				CLANG_WARN_UNREACHABLE_CODE = YES;
				CLANG_WARN__DUPLICATE_METHOD_MATCH = YES;
				"CODE_SIGN_IDENTITY[sdk=iphoneos*]" = "iPhone Developer";
				COPY_PHASE_STRIP = NO;
				DEBUG_INFORMATION_FORMAT = dwarf;
				ENABLE_STRICT_OBJC_MSGSEND = YES;
				ENABLE_TESTABILITY = YES;
				GCC_C_LANGUAGE_STANDARD = gnu99;
				GCC_DYNAMIC_NO_PIC = NO;
				GCC_NO_COMMON_BLOCKS = YES;
				GCC_OPTIMIZATION_LEVEL = 0;
				GCC_PREPROCESSOR_DEFINITIONS = (
					"DEBUG=1",
					"$(inherited)",
				);
				GCC_WARN_64_TO_32_BIT_CONVERSION = YES;
				GCC_WARN_ABOUT_RETURN_TYPE = YES_ERROR;
				GCC_WARN_UNDECLARED_SELECTOR = YES;
				GCC_WARN_UNINITIALIZED_AUTOS = YES_AGGRESSIVE;
				GCC_WARN_UNUSED_FUNCTION = YES;
				GCC_WARN_UNUSED_VARIABLE = YES;
				IPHONEOS_DEPLOYMENT_TARGET = 9.1;
				MTL_ENABLE_DEBUG_INFO = YES;
				ONLY_ACTIVE_ARCH = YES;
				SDKROOT = iphoneos;
				TARGETED_DEVICE_FAMILY = "1,2";
			};
			name = Debug;
		};
		BE02CC011BFE54FF0091A8CF /* Release */ = {
			isa = XCBuildConfiguration;
			buildSettings = {
				ALWAYS_SEARCH_USER_PATHS = NO;
				CLANG_CXX_LANGUAGE_STANDARD = "gnu++0x";
				CLANG_CXX_LIBRARY = "libc++";
				CLANG_ENABLE_MODULES = YES;
				CLANG_ENABLE_OBJC_ARC = YES;
				CLANG_WARN_BOOL_CONVERSION = YES;
				CLANG_WARN_CONSTANT_CONVERSION = YES;
				CLANG_WARN_DIRECT_OBJC_ISA_USAGE = YES_ERROR;
				CLANG_WARN_EMPTY_BODY = YES;
				CLANG_WARN_ENUM_CONVERSION = YES;
				CLANG_WARN_INT_CONVERSION = YES;
				CLANG_WARN_OBJC_ROOT_CLASS = YES_ERROR;
				CLANG_WARN_UNREACHABLE_CODE = YES;
				CLANG_WARN__DUPLICATE_METHOD_MATCH = YES;
				"CODE_SIGN_IDENTITY[sdk=iphoneos*]" = "iPhone Developer";
				COPY_PHASE_STRIP = NO;
				DEBUG_INFORMATION_FORMAT = "dwarf-with-dsym";
				ENABLE_NS_ASSERTIONS = NO;
				ENABLE_STRICT_OBJC_MSGSEND = YES;
				GCC_C_LANGUAGE_STANDARD = gnu99;
				GCC_NO_COMMON_BLOCKS = YES;
				GCC_WARN_64_TO_32_BIT_CONVERSION = YES;
				GCC_WARN_ABOUT_RETURN_TYPE = YES_ERROR;
				GCC_WARN_UNDECLARED_SELECTOR = YES;
				GCC_WARN_UNINITIALIZED_AUTOS = YES_AGGRESSIVE;
				GCC_WARN_UNUSED_FUNCTION = YES;
				GCC_WARN_UNUSED_VARIABLE = YES;
				IPHONEOS_DEPLOYMENT_TARGET = 9.1;
				MTL_ENABLE_DEBUG_INFO = NO;
				SDKROOT = iphoneos;
				TARGETED_DEVICE_FAMILY = "1,2";
				VALIDATE_PRODUCT = YES;
			};
			name = Release;
		};
		BE02CC031BFE54FF0091A8CF /* Debug */ = {
			isa = XCBuildConfiguration;
			buildSettings = {
				ASSETCATALOG_COMPILER_APPICON_NAME = AppIcon;
				CODE_SIGN_ENTITLEMENTS = HTTPTodayWidget/HTTPTodayWidget.entitlements;
				CODE_SIGN_IDENTITY = "iPhone Developer";
				"CODE_SIGN_IDENTITY[sdk=iphoneos*]" = "iPhone Developer";
				INFOPLIST_FILE = HTTPTodayWidget/Info.plist;
				LD_RUNPATH_SEARCH_PATHS = "$(inherited) @executable_path/Frameworks";
				PRODUCT_BUNDLE_IDENTIFIER = com.n2305.HTTPTodayWidget;
				PRODUCT_NAME = "$(TARGET_NAME)";
				PROVISIONING_PROFILE = "";
			};
			name = Debug;
		};
		BE02CC041BFE54FF0091A8CF /* Release */ = {
			isa = XCBuildConfiguration;
			buildSettings = {
				ASSETCATALOG_COMPILER_APPICON_NAME = AppIcon;
				CODE_SIGN_ENTITLEMENTS = HTTPTodayWidget/HTTPTodayWidget.entitlements;
				CODE_SIGN_IDENTITY = "iPhone Developer";
				"CODE_SIGN_IDENTITY[sdk=iphoneos*]" = "iPhone Developer";
				INFOPLIST_FILE = HTTPTodayWidget/Info.plist;
				LD_RUNPATH_SEARCH_PATHS = "$(inherited) @executable_path/Frameworks";
				PRODUCT_BUNDLE_IDENTIFIER = com.n2305.HTTPTodayWidget;
				PRODUCT_NAME = "$(TARGET_NAME)";
				PROVISIONING_PROFILE = "";
			};
			name = Release;
		};
		BE02CC191BFE55FC0091A8CF /* Debug */ = {
			isa = XCBuildConfiguration;
			buildSettings = {
				CODE_SIGN_ENTITLEMENTS = "HTTP Widget/HTTP Widget.entitlements";
				CODE_SIGN_IDENTITY = "iPhone Developer";
				"CODE_SIGN_IDENTITY[sdk=iphoneos*]" = "iPhone Developer";
				INFOPLIST_FILE = "HTTP Widget/Info.plist";
				LD_RUNPATH_SEARCH_PATHS = "$(inherited) @executable_path/Frameworks @executable_path/../../Frameworks";
				PRODUCT_BUNDLE_IDENTIFIER = "com.n2305.HTTPTodayWidget.HTTP-Widget";
				PRODUCT_NAME = "$(TARGET_NAME)";
				PROVISIONING_PROFILE = "";
				SKIP_INSTALL = YES;
			};
			name = Debug;
		};
		BE02CC1A1BFE55FC0091A8CF /* Release */ = {
			isa = XCBuildConfiguration;
			buildSettings = {
				CODE_SIGN_ENTITLEMENTS = "HTTP Widget/HTTP Widget.entitlements";
				CODE_SIGN_IDENTITY = "iPhone Developer";
				"CODE_SIGN_IDENTITY[sdk=iphoneos*]" = "iPhone Developer";
				INFOPLIST_FILE = "HTTP Widget/Info.plist";
				LD_RUNPATH_SEARCH_PATHS = "$(inherited) @executable_path/Frameworks @executable_path/../../Frameworks";
				PRODUCT_BUNDLE_IDENTIFIER = "com.n2305.HTTPTodayWidget.HTTP-Widget";
				PRODUCT_NAME = "$(TARGET_NAME)";
				PROVISIONING_PROFILE = "";
				SKIP_INSTALL = YES;
			};
			name = Release;
		};
/* End XCBuildConfiguration section */

/* Begin XCConfigurationList section */
		BE02CBE61BFE54FF0091A8CF /* Build configuration list for PBXProject "HTTPTodayWidget" */ = {
			isa = XCConfigurationList;
			buildConfigurations = (
				BE02CC001BFE54FF0091A8CF /* Debug */,
				BE02CC011BFE54FF0091A8CF /* Release */,
			);
			defaultConfigurationIsVisible = 0;
			defaultConfigurationName = Release;
		};
		BE02CC021BFE54FF0091A8CF /* Build configuration list for PBXNativeTarget "HTTPTodayWidget" */ = {
			isa = XCConfigurationList;
			buildConfigurations = (
				BE02CC031BFE54FF0091A8CF /* Debug */,
				BE02CC041BFE54FF0091A8CF /* Release */,
			);
			defaultConfigurationIsVisible = 0;
		};
		BE02CC181BFE55FC0091A8CF /* Build configuration list for PBXNativeTarget "HTTP Widget" */ = {
			isa = XCConfigurationList;
			buildConfigurations = (
				BE02CC191BFE55FC0091A8CF /* Debug */,
				BE02CC1A1BFE55FC0091A8CF /* Release */,
			);
			defaultConfigurationIsVisible = 0;
		};
/* End XCConfigurationList section */
	};
	rootObject = BE02CBE31BFE54FF0091A8CF /* Project object */;
}
